<?xml version="1.0" encoding="utf-8"?>
<Project ToolsVersion="4.0" xmlns="http://schemas.microsoft.com/developer/msbuild/2003">
  <ItemGroup>
    <Filter Include="Resource Files">
      <UniqueIdentifier>{67DA6AB6-F800-4c08-8B7A-83BB121AAD01}</UniqueIdentifier>
      <Extensions>rc;ico;cur;bmp;dlg;rc2;rct;bin;rgs;gif;jpg;jpeg;jpe;resx;tiff;tif;png;wav;mfcribbon-ms</Extensions>
    </Filter>
    <Filter Include="EASTL_src">
      <UniqueIdentifier>{8a710763-d369-4afe-a795-1d8cb42d9e38}</UniqueIdentifier>
    </Filter>
    <Filter Include="Common">
      <UniqueIdentifier>{0efd62b6-2cae-408d-860b-1b6c2ecf1d20}</UniqueIdentifier>
    </Filter>
    <Filter Include="glad">
      <UniqueIdentifier>{e559ca14-ce35-449f-8d88-38878cb9c586}</UniqueIdentifier>
    </Filter>
    <Filter Include="Graphics">
      <UniqueIdentifier>{6a219ae5-b0a3-4b1f-95e4-ce332da6c27c}</UniqueIdentifier>
    </Filter>
    <Filter Include="Graphics\OpenGL">
      <UniqueIdentifier>{78e8ecfd-462a-424b-ae50-26e82a40ad88}</UniqueIdentifier>
    </Filter>
    <Filter Include="Core">
      <UniqueIdentifier>{89bb873e-f646-4474-939d-e43af2e8b998}</UniqueIdentifier>
    </Filter>
  </ItemGroup>
  <ItemGroup>
    <ClInclude Include="Assert.hpp">
      <Filter>Common</Filter>
    </ClInclude>
    <ClInclude Include="Platform.hpp">
      <Filter>Common</Filter>
    </ClInclude>
    <ClInclude Include="glad\gl.h">
      <Filter>glad</Filter>
    </ClInclude>
    <ClInclude Include="glad\khrplatform.h">
      <Filter>glad</Filter>
    </ClInclude>
    <ClInclude Include="Minecraft.hpp" />
    <ClInclude Include="Core\FunctionContainer.hpp">
      <Filter>Core</Filter>
    </ClInclude>
    <ClInclude Include="IO\LoggerSinks.hpp">
      <Filter>Core</Filter>
    </ClInclude>
    <ClInclude Include="IO\Logger.hpp">
      <Filter>Core</Filter>
    </ClInclude>
    <ClInclude Include="Core\QEventBus.hpp">
      <Filter>Core</Filter>
    </ClInclude>
    <ClInclude Include="IEvent.hpp">
      <Filter>Core</Filter>
    </ClInclude>
    <ClInclude Include="Core\CoroutineSchedular.hpp">
      <Filter>Core</Filter>
    </ClInclude>
    <ClInclude Include="Core\CoroutineScheduler.hpp" />
    <ClInclude Include="IO\VirtualFileSystem.hpp" />
    <ClInclude Include="IO\nlohmann\json.hpp" />
    <ClInclude Include="IO\Stream\OutputStream.hpp" />
    <ClInclude Include="IO\Stream\FileInputStream.hpp" />
    <ClInclude Include="IO\Stream\FileOutputStream.hpp" />
    <ClInclude Include="IO\Stream\InputStream.hpp" />
    <ClInclude Include="IO\Stream\MemoryInputStream.hpp" />
    <ClInclude Include="Core\ThreadImpl.hpp" />
    <ClInclude Include="Core\Thread.hpp" />
    <ClInclude Include="Core\ThreadManager.hpp" />
    <ClInclude Include="Application.hpp" />
    <ClInclude Include="Graphics\RenderContext.hpp" />
    <ClInclude Include="Graphics\BgfxRenderContext.hpp" />
    <ClInclude Include="Graphics\IRenderer.hpp" />
    <ClInclude Include="Tasks.hpp" />
    <ClInclude Include="Graphics\Void.hpp" />
    <ClInclude Include="Graphics\Renderer.hpp" />
    <ClInclude Include="BgfxCallBack.hpp" />
    <ClInclude Include="Graphics\Vertex.hpp" />
    <ClInclude Include="Graphics\VertexArray.hpp" />
    <ClInclude Include="Graphics\RenderFactory.hpp" />
    <ClInclude Include="Graphics\VertexBuffer.hpp" />
    <ClInclude Include="Graphics\Flags.hpp" />
    <ClInclude Include="Graphics\ShaderProgram.hpp" />
    <ClInclude Include="TUI\Console.hpp" />
    <ClInclude Include="TUI\icon.hpp" />
    <ClInclude Include="TUI\WindowsConsole.hpp" />
    <ClInclude Include="TUI\IConsole.hpp" />
    <ClInclude Include="TUI\RenderTarget.hpp" />
    <ClInclude Include="TUI\Component.hpp" />
    <ClInclude Include="TUI\EventProcessor.hpp" />
    <ClInclude Include="TUI\Panel.hpp" />
    <ClInclude Include="TUI\CLogger.hpp" />
    <ClInclude Include="IO\FileLogger.hpp" />
    <ClInclude Include="Core\ddspp.hpp" />
    <ClInclude Include="Graphics\Texture.hpp" />
    <ClInclude Include="Graphics\RenderStates.hpp" />
    <ClInclude Include="Graphics\Transform.hpp" />
    <ClInclude Include="Graphics\Renderable.hpp" />
    <ClInclude Include="Graphics\Cube.hpp" />
    <ClInclude Include="Graphics\Torus.hpp" />
    <ClInclude Include="Core\Clipboard.hpp" />
    <ClInclude Include="Core\ClipboardImpl.hpp" />
    <ClInclude Include="Core\Cursor.hpp" />
    <ClInclude Include="Core\CursorImpl.hpp" />
    <ClInclude Include="Core\Event.hpp" />
    <ClInclude Include="Core\InputImpl.hpp" />
    <ClInclude Include="Core\Joystick.hpp" />
    <ClInclude Include="Core\JoystickImpl.hpp" />
    <ClInclude Include="Core\JoystickManager.hpp" />
    <ClInclude Include="Core\Keyboard.hpp" />
    <ClInclude Include="Core\Mouse.hpp" />
    <ClInclude Include="Core\VideoMode.hpp" />
    <ClInclude Include="Core\VideoModeImpl.hpp" />
    <ClInclude Include="Core\WindowBase.hpp" />
    <ClInclude Include="Core\WindowHandle.hpp" />
    <ClInclude Include="Core\WindowImpl.hpp" />
    <ClInclude Include="Core\WindowStyle.hpp" />
    <ClInclude Include="Core\Win32\WindowImplWin32.hpp" />
    <ClInclude Include="Core\Win32\ClipboardImpl.hpp" />
    <ClInclude Include="Core\Win32\CursorImpl.hpp" />
    <ClInclude Include="Core\Win32\JoystickImpl.hpp" />
    <ClInclude Include="Core\Win32\Utils.hpp" />
    <ClInclude Include="libs\bx\allocator.h" />
    <ClInclude Include="libs\bx\bounds.h" />
    <ClInclude Include="libs\bx\bx.h" />
    <ClInclude Include="libs\bx\commandline.h" />
    <ClInclude Include="libs\bx\config.h" />
    <ClInclude Include="libs\bx\constants.h" />
    <ClInclude Include="libs\bx\cpu.h" />
    <ClInclude Include="libs\bx\debug.h" />
    <ClInclude Include="libs\bx\easing.h" />
    <ClInclude Include="libs\bx\endian.h" />
    <ClInclude Include="libs\bx\error.h" />
    <ClInclude Include="libs\bx\file.h" />
    <ClInclude Include="libs\bx\filepath.h" />
    <ClInclude Include="libs\bx\float4x4_t.h" />
    <ClInclude Include="libs\bx\handlealloc.h" />
    <ClInclude Include="libs\bx\hash.h" />
    <ClInclude Include="libs\bx\macros.h" />
    <ClInclude Include="libs\bx\math.h" />
    <ClInclude Include="libs\bx\mpscqueue.h" />
    <ClInclude Include="libs\bx\mutex.h" />
    <ClInclude Include="libs\bx\os.h" />
    <ClInclude Include="libs\bx\pixelformat.h" />
    <ClInclude Include="libs\bx\platform.h" />
    <ClInclude Include="libs\bx\process.h" />
    <ClInclude Include="libs\bx\readerwriter.h" />
    <ClInclude Include="libs\bx\ringbuffer.h" />
    <ClInclude Include="libs\bx\rng.h" />
    <ClInclude Include="libs\bx\semaphore.h" />
    <ClInclude Include="libs\bx\settings.h" />
    <ClInclude Include="libs\bx\simd_t.h" />
    <ClInclude Include="libs\bx\sort.h" />
    <ClInclude Include="libs\bx\spscqueue.h" />
    <ClInclude Include="libs\bx\string.h" />
    <ClInclude Include="libs\bx\thread.h" />
    <ClInclude Include="libs\bx\timer.h" />
    <ClInclude Include="libs\bx\typetraits.h" />
    <ClInclude Include="libs\bx\uint32_t.h" />
    <ClInclude Include="libs\bx\url.h" />
    <ClInclude Include="libs\bimg\encode.h" />
    <ClInclude Include="libs\bimg\bimg.h" />
    <ClInclude Include="libs\bimg\decode.h" />
    <ClInclude Include="Core\Win32\WindowsHeader.hpp" />
    <ClInclude Include="Core\Win32\SleepImpl.hpp" />
    <ClInclude Include="Core\Clock.hpp" />
    <ClInclude Include="Core\EnumArray.hpp" />
    <ClInclude Include="Core\Err.hpp" />
    <ClInclude Include="Core\Export.hpp" />
    <ClInclude Include="Core\Sleep.hpp" />
    <ClInclude Include="Core\String.hpp" />
    <ClInclude Include="Core\Time.hpp" />
    <ClInclude Include="Core\Utf.hpp" />
    <ClInclude Include="Core\Utils.hpp" />
    <ClInclude Include="Core\Vector2.hpp" />
    <ClInclude Include="Core\Vector3.hpp" />
    <ClInclude Include="Core\NonCopyable.hpp" />
    <ClInclude Include="Core\Win32\ClockImpl.hpp" />
    <ClInclude Include="Core\Config.hpp" />
    <ClInclude Include="Graphics\Color.hpp" />
    <ClInclude Include="Core\Rect.hpp" />
    <ClInclude Include="Graphics\Image.hpp" />
    <ClInclude Include="libs\stb\stb_image.hpp" />
    <ClInclude Include="libs\stb\stb_image_write.hpp" />
    <ClInclude Include="libs\bgfx\bgfx.h" />
    <ClInclude Include="libs\bgfx\bgfx_p.h" />
    <ClInclude Include="libs\bgfx\charset.h" />
    <ClInclude Include="libs\bgfx\config.h" />
    <ClInclude Include="libs\bgfx\debug_renderdoc.h" />
    <ClInclude Include="libs\bgfx\defines.h" />
    <ClInclude Include="libs\bgfx\dxgi.h" />
    <ClInclude Include="libs\bgfx\embedded_shader.h" />
    <ClInclude Include="libs\bgfx\emscripten.h" />
    <ClInclude Include="libs\bgfx\fs_clear0.bin.h" />
    <ClInclude Include="libs\bgfx\fs_clear1.bin.h" />
    <ClInclude Include="libs\bgfx\fs_clear2.bin.h" />
    <ClInclude Include="libs\bgfx\fs_clear3.bin.h" />
    <ClInclude Include="libs\bgfx\fs_clear4.bin.h" />
    <ClInclude Include="libs\bgfx\fs_clear5.bin.h" />
    <ClInclude Include="libs\bgfx\fs_clear6.bin.h" />
    <ClInclude Include="libs\bgfx\fs_clear7.bin.h" />
    <ClInclude Include="libs\bgfx\fs_debugfont.bin.h" />
    <ClInclude Include="libs\bgfx\glcontext_egl.h" />
    <ClInclude Include="libs\bgfx\glcontext_html5.h" />
    <ClInclude Include="libs\bgfx\glcontext_wgl.h" />
    <ClInclude Include="libs\bgfx\glimports.h" />
    <ClInclude Include="libs\bgfx\nvapi.h" />
    <ClInclude Include="libs\bgfx\platform.h" />
    <ClInclude Include="libs\bgfx\renderer.h" />
    <ClInclude Include="libs\bgfx\renderer_d3d.h" />
    <ClInclude Include="libs\bgfx\renderer_d3d11.h" />
    <ClInclude Include="libs\bgfx\renderer_d3d12.h" />
    <ClInclude Include="libs\bgfx\renderer_gl.h" />
    <ClInclude Include="libs\bgfx\renderer_mtl.h" />
    <ClInclude Include="libs\bgfx\renderer_vk.h" />
    <ClInclude Include="libs\bgfx\renderer_webgpu.h" />
    <ClInclude Include="libs\bgfx\shader.h" />
    <ClInclude Include="libs\bgfx\shader_dxbc.h" />
    <ClInclude Include="libs\bgfx\shader_spirv.h" />
    <ClInclude Include="libs\bgfx\topology.h" />
    <ClInclude Include="libs\bgfx\version.h" />
    <ClInclude Include="libs\bgfx\vertexlayout.h" />
    <ClInclude Include="libs\bgfx\vs_clear.bin.h" />
    <ClInclude Include="libs\bgfx\vs_debugfont.bin.h" />
    <ClInclude Include="libs\renderdoc\renderdoc_app.h" />
    <ClInclude Include="libs\dawn\include\webgpu\webgpu.h" />
    <ClInclude Include="libs\ini\ini.h" />
    <ClInclude Include="libs\bimg\bimg_p.h" />
    <ClInclude Include="libs\bimg\config.h" />
    <ClInclude Include="libs\astc-encoder\astcenc.h" />
    <ClInclude Include="libs\astc-encoder\astcenc_diagnostic_trace.h" />
    <ClInclude Include="libs\astc-encoder\astcenc_internal.h" />
    <ClInclude Include="libs\astc-encoder\astcenc_internal_entry.h" />
    <ClInclude Include="libs\astc-encoder\astcenc_mathlib.h" />
    <ClInclude Include="libs\astc-encoder\astcenc_vecmathlib.h" />
    <ClInclude Include="libs\astc-encoder\astcenc_vecmathlib_avx2_8.h" />
    <ClInclude Include="libs\astc-encoder\astcenc_vecmathlib_common_4.h" />
    <ClInclude Include="libs\astc-encoder\astcenc_vecmathlib_neon_4.h" />
    <ClInclude Include="libs\astc-encoder\astcenc_vecmathlib_none_4.h" />
    <ClInclude Include="libs\astc-encoder\astcenc_vecmathlib_sse_4.h" />
    <ClInclude Include="libs\libsquish\squish.h" />
    <ClInclude Include="libs\libsquish\alpha.h" />
    <ClInclude Include="libs\libsquish\clusterfit.h" />
    <ClInclude Include="libs\libsquish\colourblock.h" />
    <ClInclude Include="libs\libsquish\colourfit.h" />
    <ClInclude Include="libs\libsquish\colourset.h" />
    <ClInclude Include="libs\libsquish\config.h" />
    <ClInclude Include="libs\libsquish\maths.h" />
    <ClInclude Include="libs\libsquish\rangefit.h" />
    <ClInclude Include="libs\libsquish\simd.h" />
    <ClInclude Include="libs\libsquish\simd_float.h" />
    <ClInclude Include="libs\libsquish\singlecolourfit.h" />
    <ClInclude Include="libs\etc1\etc1.h" />
    <ClInclude Include="libs\etc2\Math.hpp" />
    <ClInclude Include="libs\etc2\ProcessCommon.hpp" />
    <ClInclude Include="libs\etc2\ProcessRGB.hpp" />
    <ClInclude Include="libs\etc2\Tables.hpp" />
    <ClInclude Include="libs\etc2\Types.hpp" />
    <ClInclude Include="libs\etc2\Vector.hpp" />
    <ClInclude Include="libs\nvtt\bc6h\bits.h" />
    <ClInclude Include="libs\nvtt\bc6h\shapes_two.h" />
    <ClInclude Include="libs\nvtt\bc6h\tile.h" />
    <ClInclude Include="libs\nvtt\bc6h\zoh.h" />
    <ClInclude Include="libs\nvtt\bc6h\zoh_utils.h" />
    <ClInclude Include="libs\nvtt\bc7\avpcl.h" />
    <ClInclude Include="libs\nvtt\bc7\avpcl_utils.h" />
    <ClInclude Include="libs\nvtt\bc7\bits.h" />
    <ClInclude Include="libs\nvtt\bc7\endpts.h" />
    <ClInclude Include="libs\nvtt\bc7\shapes_three.h" />
    <ClInclude Include="libs\nvtt\bc7\shapes_two.h" />
    <ClInclude Include="libs\nvtt\bc7\tile.h" />
    <ClInclude Include="libs\nvtt\nvcore\array.h" />
    <ClInclude Include="libs\nvtt\nvcore\debug.h" />
    <ClInclude Include="libs\nvtt\nvcore\defsgnucdarwin.h" />
    <ClInclude Include="libs\nvtt\nvcore\defsgnuclinux.h" />
    <ClInclude Include="libs\nvtt\nvcore\defsgnucwin32.h" />
    <ClInclude Include="libs\nvtt\nvcore\defsvcwin32.h" />
    <ClInclude Include="libs\nvtt\nvcore\foreach.h" />
    <ClInclude Include="libs\nvtt\nvcore\hash.h" />
    <ClInclude Include="libs\nvtt\nvcore\memory.h" />
    <ClInclude Include="libs\nvtt\nvcore\nvcore.h" />
    <ClInclude Include="libs\nvtt\nvcore\posh.h" />
    <ClInclude Include="libs\nvtt\nvcore\stdstream.h" />
    <ClInclude Include="libs\nvtt\nvcore\stream.h" />
    <ClInclude Include="libs\nvtt\nvcore\strlib.h" />
    <ClInclude Include="libs\nvtt\nvcore\utils.h" />
    <ClInclude Include="libs\nvtt\nvmath\fitting.h" />
    <ClInclude Include="libs\nvtt\nvmath\matrix.h" />
    <ClInclude Include="libs\nvtt\nvmath\nvmath.h" />
    <ClInclude Include="libs\nvtt\nvmath\plane.h" />
    <ClInclude Include="libs\nvtt\nvmath\vector.h" />
    <ClInclude Include="libs\nvtt\nvtt.h" />
    <ClInclude Include="libs\pvrtc\RgbBitmap.h" />
    <ClInclude Include="libs\pvrtc\AlphaBitmap.h" />
    <ClInclude Include="libs\pvrtc\Bitmap.h" />
    <ClInclude Include="libs\pvrtc\BitScale.h" />
    <ClInclude Include="libs\pvrtc\BitUtility.h" />
    <ClInclude Include="libs\pvrtc\ColorRgba.h" />
    <ClInclude Include="libs\pvrtc\Interval.h" />
    <ClInclude Include="libs\pvrtc\MortonTable.h" />
    <ClInclude Include="libs\pvrtc\Point2.h" />
    <ClInclude Include="libs\pvrtc\PvrTcDecoder.h" />
    <ClInclude Include="libs\pvrtc\PvrTcEncoder.h" />
    <ClInclude Include="libs\pvrtc\PvrTcPacket.h" />
    <ClInclude Include="libs\pvrtc\RgbaBitmap.h" />
    <ClInclude Include="libs\edtaa3\edtaa3func.h" />
    <ClInclude Include="libs\iqa\ssim.h" />
    <ClInclude Include="libs\iqa\convolve.h" />
    <ClInclude Include="libs\iqa\decimate.h" />
    <ClInclude Include="libs\iqa\iqa.h" />
    <ClInclude Include="libs\iqa\iqa_os.h" />
    <ClInclude Include="libs\iqa\math_utils.h" />
  </ItemGroup>
  <ItemGroup>
    <ClCompile Include="glad\gl.c">
      <Filter>glad</Filter>
    </ClCompile>
    <ClCompile Include="Minecraft.cpp" />
    <ClCompile Include="Startup.hpp" />
    <ClCompile Include="eastl_allocator.cpp" />
    <ClCompile Include="Vendor\EASTL\source\atomic.cpp">
      <Filter>EASTL_src</Filter>
    </ClCompile>
    <ClCompile Include="Vendor\EASTL\source\allocator_eastl.cpp">
      <Filter>EASTL_src</Filter>
    </ClCompile>
    <ClCompile Include="Vendor\EASTL\source\assert.cpp">
      <Filter>EASTL_src</Filter>
    </ClCompile>
    <ClCompile Include="Vendor\EASTL\source\fixed_pool.cpp">
      <Filter>EASTL_src</Filter>
    </ClCompile>
    <ClCompile Include="Vendor\EASTL\source\hashtable.cpp">
      <Filter>EASTL_src</Filter>
    </ClCompile>
    <ClCompile Include="Vendor\EASTL\source\intrusive_list.cpp">
      <Filter>EASTL_src</Filter>
    </ClCompile>
    <ClCompile Include="Vendor\EASTL\source\thread_support.cpp">
      <Filter>EASTL_src</Filter>
    </ClCompile>
    <ClCompile Include="Vendor\EASTL\source\red_black_tree.cpp">
      <Filter>EASTL_src</Filter>
    </ClCompile>
    <ClCompile Include="Vendor\EASTL\source\string.cpp">
      <Filter>EASTL_src</Filter>
    </ClCompile>
    <ClCompile Include="Vendor\EASTL\source\numeric_limits.cpp">
      <Filter>EASTL_src</Filter>
    </ClCompile>
    <ClCompile Include="Core\FunctionContainer.cpp">
      <Filter>Core</Filter>
    </ClCompile>
    <ClCompile Include="IO\Logger.cpp">
      <Filter>Core</Filter>
    </ClCompile>
    <ClCompile Include="IO\LoggerSinks.cpp">
      <Filter>Core</Filter>
    </ClCompile>
    <ClCompile Include="Core\QEventBus.cpp">
      <Filter>Core</Filter>
    </ClCompile>
    <ClCompile Include="IO\VirtualFileSystem.cpp" />
    <ClCompile Include="IO\Stream\FileInputStream.cpp" />
    <ClCompile Include="IO\Stream\FileOutputStream.cpp" />
    <ClCompile Include="IO\Stream\InputStream.cpp" />
    <ClCompile Include="IO\Stream\OutputStream.cpp" />
    <ClCompile Include="Core\CoroutineScheduler.cpp" />
    <ClCompile Include="IO\Stream\MemoryInputStream.cpp" />
    <ClCompile Include="Core\ThreadImpl.cpp" />
    <ClCompile Include="Core\Thread.cpp" />
    <ClCompile Include="Core\ThreadManager.cpp" />
    <ClCompile Include="Application.cpp" />
    <ClCompile Include="Graphics\RenderContext.cpp" />
    <ClCompile Include="Graphics\BgfxRenderContext.cpp" />
    <ClCompile Include="Graphics\IRenderer.cpp" />
    <ClCompile Include="Graphics\Void.cpp" />
    <ClCompile Include="Graphics\Renderer.cpp" />
    <ClCompile Include="BgfxCallBack.cpp" />
    <ClCompile Include="Graphics\Vertex.cpp" />
    <ClCompile Include="Graphics\VertexArray.cpp" />
    <ClCompile Include="Graphics\RenderFactory.cpp" />
    <ClCompile Include="Graphics\VertexBuffer.cpp" />
    <ClCompile Include="Graphics\ShaderProgram.cpp" />
    <ClCompile Include="TUI\Console.cpp" />
    <ClCompile Include="TUI\WindowsConsole.cpp" />
    <ClCompile Include="TUI\IConsole.cpp" />
    <ClCompile Include="TUI\RenderTarget.cpp" />
    <ClCompile Include="TUI\Component.cpp" />
    <ClCompile Include="TUI\EventProcessor.cpp" />
    <ClCompile Include="TUI\icon.cpp" />
    <ClCompile Include="TUI\Panel.cpp" />
    <ClCompile Include="TUI\CLogger.cpp" />
    <ClCompile Include="IO\FileLogger.cpp" />
    <ClCompile Include="Graphics\Texture.cpp" />
    <ClCompile Include="Graphics\Cube.cpp" />
    <ClCompile Include="Graphics\Torus.cpp" />
    <ClCompile Include="Core\Clipboard.cpp" />
    <ClCompile Include="Core\Cursor.cpp" />
    <ClCompile Include="Core\Joystick.cpp" />
    <ClCompile Include="Core\JoystickManager.cpp" />
    <ClCompile Include="Core\Keyboard.cpp" />
    <ClCompile Include="Core\Mouse.cpp" />
    <ClCompile Include="Core\VideoMode.cpp" />
    <ClCompile Include="Core\WindowBase.cpp" />
    <ClCompile Include="Core\WindowImpl.cpp" />
    <ClCompile Include="Core\Win32\ClipboardImpl.cpp" />
    <ClCompile Include="Core\Win32\CursorImpl.cpp" />
    <ClCompile Include="Core\Win32\InputImpl.cpp" />
    <ClCompile Include="Core\Win32\JoystickImpl.cpp" />
    <ClCompile Include="Core\Win32\VideoModeImpl.cpp" />
    <ClCompile Include="Core\Win32\WindowImplWin32.cpp" />
    <ClCompile Include="Core\Win32\SleepImpl.cpp" />
    <ClCompile Include="Core\Clock.cpp" />
    <ClCompile Include="Core\Err.cpp" />
    <ClCompile Include="Core\Sleep.cpp" />
    <ClCompile Include="Core\String.cpp" />
    <ClCompile Include="Core\Utils.cpp" />
    <ClCompile Include="Core\Time.cpp" />
    <ClCompile Include="Core\Win32\ClockImpl.cpp" />
    <ClCompile Include="Graphics\Color.cpp" />
    <ClCompile Include="Graphics\Image.cpp" />
    <ClCompile Include="libs\bgfx\bgfx.cpp" />
    <ClCompile Include="libs\bgfx\debug_renderdoc.cpp" />
    <ClCompile Include="libs\bgfx\dxgi.cpp" />
    <ClCompile Include="libs\bgfx\glcontext_egl.cpp" />
    <ClCompile Include="libs\bgfx\glcontext_html5.cpp" />
    <ClCompile Include="libs\bgfx\glcontext_wgl.cpp" />
    <ClCompile Include="libs\bgfx\nvapi.cpp" />
    <ClCompile Include="libs\bgfx\renderer_agc.cpp" />
    <ClCompile Include="libs\bgfx\renderer_d3d11.cpp" />
    <ClCompile Include="libs\bgfx\renderer_d3d12.cpp" />
    <ClCompile Include="libs\bgfx\renderer_gl.cpp" />
    <ClCompile Include="libs\bgfx\renderer_gnm.cpp" />
    <ClCompile Include="libs\bgfx\renderer_mtl.cpp" />
    <ClCompile Include="libs\bgfx\renderer_noop.cpp" />
    <ClCompile Include="libs\bgfx\renderer_nvn.cpp" />
    <ClCompile Include="libs\bgfx\renderer_vk.cpp" />
    <ClCompile Include="libs\bgfx\renderer_webgpu.cpp" />
    <ClCompile Include="libs\bgfx\shader.cpp" />
    <ClCompile Include="libs\bgfx\shader_dxbc.cpp" />
    <ClCompile Include="libs\bgfx\shader_spirv.cpp" />
    <ClCompile Include="libs\bgfx\topology.cpp" />
    <ClCompile Include="libs\bgfx\vertexlayout.cpp" />
    <ClCompile Include="libs\bx\allocator.cpp" />
    <ClCompile Include="libs\bx\bounds.cpp" />
    <ClCompile Include="libs\bx\bx.cpp" />
    <ClCompile Include="libs\bx\commandline.cpp" />
    <ClCompile Include="libs\bx\crtnone.cpp" />
    <ClCompile Include="libs\bx\debug.cpp" />
    <ClCompile Include="libs\bx\dtoa.cpp" />
    <ClCompile Include="libs\bx\easing.cpp" />
    <ClCompile Include="libs\bx\file.cpp" />
    <ClCompile Include="libs\bx\filepath.cpp" />
    <ClCompile Include="libs\bx\hash.cpp" />
    <ClCompile Include="libs\bx\math.cpp" />
    <ClCompile Include="libs\bx\mutex.cpp" />
    <ClCompile Include="libs\bx\os.cpp" />
    <ClCompile Include="libs\bx\process.cpp" />
    <ClCompile Include="libs\bx\semaphore.cpp" />
    <ClCompile Include="libs\bx\settings.cpp" />
    <ClCompile Include="libs\bx\sort.cpp" />
    <ClCompile Include="libs\bx\string.cpp" />
    <ClCompile Include="libs\bx\thread.cpp" />
    <ClCompile Include="libs\bx\timer.cpp" />
    <ClCompile Include="libs\bx\url.cpp" />
    <ClCompile Include="libs\bimg\image.cpp" />
    <ClCompile Include="libs\bimg\image_cubemap_filter.cpp" />
    <ClCompile Include="libs\bimg\image_decode.cpp" />
    <ClCompile Include="libs\bimg\image_encode.cpp" />
    <ClCompile Include="libs\bimg\image_gnf.cpp" />
    <ClCompile Include="libs\astc-encoder\astcenc_averages_and_directions.cpp" />
    <ClCompile Include="libs\astc-encoder\astcenc_block_sizes.cpp" />
    <ClCompile Include="libs\astc-encoder\astcenc_color_quantize.cpp" />
    <ClCompile Include="libs\astc-encoder\astcenc_color_unquantize.cpp" />
    <ClCompile Include="libs\astc-encoder\astcenc_compress_symbolic.cpp" />
    <ClCompile Include="libs\astc-encoder\astcenc_compute_variance.cpp" />
    <ClCompile Include="libs\astc-encoder\astcenc_decompress_symbolic.cpp" />
    <ClCompile Include="libs\astc-encoder\astcenc_diagnostic_trace.cpp" />
    <ClCompile Include="libs\astc-encoder\astcenc_entry.cpp" />
    <ClCompile Include="libs\astc-encoder\astcenc_find_best_partitioning.cpp" />
    <ClCompile Include="libs\astc-encoder\astcenc_ideal_endpoints_and_weights.cpp" />
    <ClCompile Include="libs\astc-encoder\astcenc_image.cpp" />
    <ClCompile Include="libs\astc-encoder\astcenc_integer_sequence.cpp" />
    <ClCompile Include="libs\astc-encoder\astcenc_mathlib.cpp" />
    <ClCompile Include="libs\astc-encoder\astcenc_mathlib_softfloat.cpp" />
    <ClCompile Include="libs\astc-encoder\astcenc_partition_tables.cpp" />
    <ClCompile Include="libs\astc-encoder\astcenc_percentile_tables.cpp" />
    <ClCompile Include="libs\astc-encoder\astcenc_pick_best_endpoint_format.cpp" />
    <ClCompile Include="libs\astc-encoder\astcenc_quantization.cpp" />
    <ClCompile Include="libs\astc-encoder\astcenc_symbolic_physical.cpp" />
    <ClCompile Include="libs\astc-encoder\astcenc_weight_align.cpp" />
    <ClCompile Include="libs\astc-encoder\astcenc_weight_quant_xfer_tables.cpp" />
    <ClCompile Include="libs\libsquish\alpha.cpp" />
    <ClCompile Include="libs\libsquish\clusterfit.cpp" />
    <ClCompile Include="libs\libsquish\colourblock.cpp" />
    <ClCompile Include="libs\libsquish\colourfit.cpp" />
    <ClCompile Include="libs\libsquish\colourset.cpp" />
    <ClCompile Include="libs\libsquish\maths.cpp" />
    <ClCompile Include="libs\libsquish\rangefit.cpp" />
    <ClCompile Include="libs\libsquish\singlecolourfit.cpp" />
    <ClCompile Include="libs\libsquish\squish.cpp" />
    <ClCompile Include="libs\etc1\etc1.cpp" />
    <ClCompile Include="libs\etc2\ProcessRGB.cpp" />
    <ClCompile Include="libs\etc2\Tables.cpp" />
    <ClCompile Include="libs\nvtt\bc6h\zoh.cpp" />
    <ClCompile Include="libs\nvtt\bc6h\zoh_utils.cpp" />
    <ClCompile Include="libs\nvtt\bc6h\zohone.cpp" />
    <ClCompile Include="libs\nvtt\bc6h\zohtwo.cpp" />
    <ClCompile Include="libs\nvtt\bc7\avpcl.cpp" />
    <ClCompile Include="libs\nvtt\bc7\avpcl_mode0.cpp" />
    <ClCompile Include="libs\nvtt\bc7\avpcl_mode1.cpp" />
    <ClCompile Include="libs\nvtt\bc7\avpcl_mode2.cpp" />
    <ClCompile Include="libs\nvtt\bc7\avpcl_mode3.cpp" />
    <ClCompile Include="libs\nvtt\bc7\avpcl_mode4.cpp" />
    <ClCompile Include="libs\nvtt\bc7\avpcl_mode5.cpp" />
    <ClCompile Include="libs\nvtt\bc7\avpcl_mode6.cpp" />
    <ClCompile Include="libs\nvtt\bc7\avpcl_mode7.cpp" />
    <ClCompile Include="libs\nvtt\bc7\avpcl_utils.cpp" />
    <ClCompile Include="libs\nvtt\nvmath\fitting.cpp" />
    <ClCompile Include="libs\nvtt\nvtt.cpp" />
    <ClCompile Include="libs\pvrtc\BitScale.cpp" />
    <ClCompile Include="libs\pvrtc\MortonTable.cpp" />
    <ClCompile Include="libs\pvrtc\PvrTcDecoder.cpp" />
    <ClCompile Include="libs\pvrtc\PvrTcEncoder.cpp" />
    <ClCompile Include="libs\pvrtc\PvrTcPacket.cpp" />
    <ClCompile Include="libs\edtaa3\edtaa3func.cpp" />
    <ClCompile Include="libs\iqa\convolve.c" />
    <ClCompile Include="libs\iqa\decimate.c" />
    <ClCompile Include="libs\iqa\math_utils.c" />
    <ClCompile Include="libs\iqa\ms_ssim.c" />
    <ClCompile Include="libs\iqa\mse.c" />
    <ClCompile Include="libs\iqa\psnr.c" />
    <ClCompile Include="libs\iqa\ssim.c" />
  </ItemGroup>
  <ItemGroup>
    <Text Include="Core\__copilot_shim_test.txt" />
    <Text Include="libs\pvrtc\LICENSE.TXT" />
    <Text Include="libs\iqa\README.txt" />
    <Text Include="libs\astc-encoder\LICENSE.txt" />
  </ItemGroup>
  <ItemGroup>
    <None Include="Graphics\Shaders\main.vs" />
    <None Include="Graphics\Shaders\main.fs" />
    <None Include="Graphics\Shaders\varying.def.sc" />
    <None Include="shadercomp-debug.bat" />
    <None Include="assets\shaders\main.fs.d3d11_windows.bin">
      <Filter>Resource Files</Filter>
    </None>
    <None Include="assets\shaders\main.fs.d3d12_windows.bin">
      <Filter>Resource Files</Filter>
    </None>
    <None Include="assets\shaders\main.fs.gl_android.bin">
      <Filter>Resource Files</Filter>
    </None>
    <None Include="assets\shaders\main.fs.gl_asm.js.bin">
      <Filter>Resource Files</Filter>
    </None>
    <None Include="assets\shaders\main.fs.gl_linux.bin">
      <Filter>Resource Files</Filter>
    </None>
    <None Include="assets\shaders\main.fs.gl_osx.bin">
      <Filter>Resource Files</Filter>
    </None>
    <None Include="assets\shaders\main.fs.gl_windows.bin">
      <Filter>Resource Files</Filter>
    </None>
    <None Include="assets\shaders\main.fs.metal_osx.bin">
      <Filter>Resource Files</Filter>
    </None>
    <None Include="assets\shaders\main.fs.vulkan_android.bin">
      <Filter>Resource Files</Filter>
    </None>
    <None Include="assets\shaders\main.fs.vulkan_linux.bin">
      <Filter>Resource Files</Filter>
    </None>
    <None Include="assets\shaders\main.fs.vulkan_windows.bin">
      <Filter>Resource Files</Filter>
    </None>
    <None Include="assets\shaders\main.vs.d3d11_windows.bin">
      <Filter>Resource Files</Filter>
    </None>
    <None Include="assets\shaders\main.vs.d3d12_windows.bin">
      <Filter>Resource Files</Filter>
    </None>
    <None Include="assets\shaders\main.vs.gl_android.bin">
      <Filter>Resource Files</Filter>
    </None>
    <None Include="assets\shaders\main.vs.gl_asm.js.bin">
      <Filter>Resource Files</Filter>
    </None>
    <None Include="assets\shaders\main.vs.gl_linux.bin">
      <Filter>Resource Files</Filter>
    </None>
    <None Include="assets\shaders\main.vs.gl_osx.bin">
      <Filter>Resource Files</Filter>
    </None>
    <None Include="assets\shaders\main.vs.gl_windows.bin">
      <Filter>Resource Files</Filter>
    </None>
    <None Include="assets\shaders\main.vs.metal_osx.bin">
      <Filter>Resource Files</Filter>
    </None>
    <None Include="assets\shaders\main.vs.vulkan_android.bin">
      <Filter>Resource Files</Filter>
    </None>
    <None Include="assets\shaders\main.vs.vulkan_linux.bin">
      <Filter>Resource Files</Filter>
    </None>
    <None Include="assets\shaders\main.vs.vulkan_windows.bin">
      <Filter>Resource Files</Filter>
    </None>
    <None Include="assets.json" />
    <None Include="libs\bx\inline\allocator.inl" />
    <None Include="libs\bx\inline\bounds.inl" />
    <None Include="libs\bx\inline\bx.inl" />
    <None Include="libs\bx\inline\cpu.inl" />
    <None Include="libs\bx\inline\easing.inl" />
    <None Include="libs\bx\inline\endian.inl" />
    <None Include="libs\bx\inline\error.inl" />
    <None Include="libs\bx\inline\float4x4_t.inl" />
    <None Include="libs\bx\inline\handlealloc.inl" />
    <None Include="libs\bx\inline\hash.inl" />
    <None Include="libs\bx\inline\math.inl" />
    <None Include="libs\bx\inline\mpscqueue.inl" />
    <None Include="libs\bx\inline\mutex.inl" />
    <None Include="libs\bx\inline\os.inl" />
    <None Include="libs\bx\inline\pixelformat.inl" />
    <None Include="libs\bx\inline\readerwriter.inl" />
    <None Include="libs\bx\inline\ringbuffer.inl" />
    <None Include="libs\bx\inline\rng.inl" />
    <None Include="libs\bx\inline\simd_ni.inl" />
    <None Include="libs\bx\inline\simd128_langext.inl" />
    <None Include="libs\bx\inline\simd128_neon.inl" />
    <None Include="libs\bx\inline\simd128_ref.inl" />
    <None Include="libs\bx\inline\simd128_sse.inl" />
    <None Include="libs\bx\inline\simd128_swizzle.inl" />
    <None Include="libs\bx\inline\simd256_avx.inl" />
    <None Include="libs\bx\inline\simd256_ref.inl" />
    <None Include="libs\bx\inline\sort.inl" />
    <None Include="libs\bx\inline\spscqueue.inl" />
    <None Include="libs\bx\inline\string.inl" />
    <None Include="libs\bx\inline\timer.inl" />
    <None Include="libs\bx\inline\typetraits.inl" />
    <None Include="libs\bx\inline\uint32_t.inl" />
    <None Include="Core\String.inl" />
    <None Include="Core\Vector3.inl" />
    <None Include="Core\Utf.inl" />
    <None Include="Core\Vector2.inl" />
    <None Include="Core\Rect.inl" />
    <None Include="libs\bgfx\bgfx.idl.inl" />
    <None Include="libs\bgfx\bgfx_compute.sh" />
    <None Include="libs\bgfx\bgfx_shader.sh" />
    <None Include="libs\bgfx\fs_clear0.sc" />
    <None Include="libs\bgfx\fs_clear1.sc" />
    <None Include="libs\bgfx\fs_clear2.sc" />
    <None Include="libs\bgfx\fs_clear3.sc" />
    <None Include="libs\bgfx\fs_clear4.sc" />
    <None Include="libs\bgfx\fs_clear5.sc" />
    <None Include="libs\bgfx\fs_clear6.sc" />
    <None Include="libs\bgfx\fs_clear7.sc" />
    <None Include="libs\bgfx\fs_debugfont.sc" />
    <None Include="libs\bgfx\makefile" />
    <None Include="libs\bgfx\varying.def.sc" />
    <None Include="libs\bgfx\vs_clear.sc" />
    <None Include="libs\bgfx\vs_debugfont.sc" />
    <None Include="libs\libsquish\singlecolourlookup.inl" />
    <None Include="libs\nvtt\nvcore\array.inl" />
    <None Include="libs\nvtt\nvmath\matrix.inl" />
    <None Include="libs\nvtt\nvmath\plane.inl" />
    <None Include="libs\nvtt\nvmath\vector.inl" />
    <None Include="libs\pvrtc\README.md" />
    <None Include="libs\iqa\LICENSE" />
  </ItemGroup>
  <ItemGroup>
    <Image Include="assets\images\logo.png">
      <Filter>Resource Files</Filter>
    </Image>
  </ItemGroup>
</Project>