<?xml version="1.0" encoding="utf-8"?>
<Project ToolsVersion="4.0" xmlns="http://schemas.microsoft.com/developer/msbuild/2003">
  <ItemGroup>
    <Filter Include="Resource Files">
      <UniqueIdentifier>{67DA6AB6-F800-4c08-8B7A-83BB121AAD01}</UniqueIdentifier>
      <Extensions>rc;ico;cur;bmp;dlg;rc2;rct;bin;rgs;gif;jpg;jpeg;jpe;resx;tiff;tif;png;wav;mfcribbon-ms</Extensions>
    </Filter>
    <Filter Include="EASTL_src">
      <UniqueIdentifier>{8a710763-d369-4afe-a795-1d8cb42d9e38}</UniqueIdentifier>
    </Filter>
    <Filter Include="Common">
      <UniqueIdentifier>{0efd62b6-2cae-408d-860b-1b6c2ecf1d20}</UniqueIdentifier>
    </Filter>
    <Filter Include="glad">
      <UniqueIdentifier>{e559ca14-ce35-449f-8d88-38878cb9c586}</UniqueIdentifier>
    </Filter>
    <Filter Include="Graphics">
      <UniqueIdentifier>{6a219ae5-b0a3-4b1f-95e4-ce332da6c27c}</UniqueIdentifier>
    </Filter>
    <Filter Include="Graphics\OpenGL">
      <UniqueIdentifier>{78e8ecfd-462a-424b-ae50-26e82a40ad88}</UniqueIdentifier>
    </Filter>
    <Filter Include="Core">
      <UniqueIdentifier>{89bb873e-f646-4474-939d-e43af2e8b998}</UniqueIdentifier>
    </Filter>
  </ItemGroup>
  <ItemGroup>
    <ClInclude Include="Assert.hpp">
      <Filter>Common</Filter>
    </ClInclude>
    <ClInclude Include="Platform.hpp">
      <Filter>Common</Filter>
    </ClInclude>
    <ClInclude Include="glad\gl.h">
      <Filter>glad</Filter>
    </ClInclude>
    <ClInclude Include="glad\khrplatform.h">
      <Filter>glad</Filter>
    </ClInclude>
    <ClInclude Include="Minecraft.hpp" />
    <ClInclude Include="Core\FunctionContainer.hpp">
      <Filter>Core</Filter>
    </ClInclude>
    <ClInclude Include="IO\LoggerSinks.hpp">
      <Filter>Core</Filter>
    </ClInclude>
    <ClInclude Include="IO\Logger.hpp">
      <Filter>Core</Filter>
    </ClInclude>
    <ClInclude Include="Core\QEventBus.hpp">
      <Filter>Core</Filter>
    </ClInclude>
    <ClInclude Include="IEvent.hpp">
      <Filter>Core</Filter>
    </ClInclude>
    <ClInclude Include="Core\CoroutineSchedular.hpp">
      <Filter>Core</Filter>
    </ClInclude>
    <ClInclude Include="Core\CoroutineScheduler.hpp" />
    <ClInclude Include="IO\VirtualFileSystem.hpp" />
    <ClInclude Include="IO\nlohmann\json.hpp" />
    <ClInclude Include="IO\Stream\OutputStream.hpp" />
    <ClInclude Include="IO\Stream\FileInputStream.hpp" />
    <ClInclude Include="IO\Stream\FileOutputStream.hpp" />
    <ClInclude Include="IO\Stream\InputStream.hpp" />
    <ClInclude Include="IO\Stream\MemoryInputStream.hpp" />
    <ClInclude Include="Core\ThreadImpl.hpp" />
    <ClInclude Include="Core\Thread.hpp" />
    <ClInclude Include="Core\ThreadManager.hpp" />
    <ClInclude Include="Application.hpp" />
    <ClInclude Include="Graphics\RenderContext.hpp" />
    <ClInclude Include="Graphics\BgfxRenderContext.hpp" />
    <ClInclude Include="Graphics\IRenderer.hpp" />
    <ClInclude Include="Tasks.hpp" />
    <ClInclude Include="Graphics\Void.hpp" />
    <ClInclude Include="Graphics\Renderer.hpp" />
    <ClInclude Include="BgfxCallBack.hpp" />
    <ClInclude Include="Graphics\Vertex.hpp" />
    <ClInclude Include="Graphics\VertexArray.hpp" />
    <ClInclude Include="Graphics\RenderFactory.hpp" />
    <ClInclude Include="Graphics\VertexBuffer.hpp" />
    <ClInclude Include="Graphics\Flags.hpp" />
    <ClInclude Include="Graphics\ShaderProgram.hpp" />
    <ClInclude Include="TUI\Console.hpp" />
    <ClInclude Include="TUI\icon.hpp" />
    <ClInclude Include="TUI\WindowsConsole.hpp" />
    <ClInclude Include="TUI\IConsole.hpp" />
    <ClInclude Include="TUI\RenderTarget.hpp" />
    <ClInclude Include="TUI\Component.hpp" />
    <ClInclude Include="TUI\EventProcessor.hpp" />
    <ClInclude Include="TUI\Panel.hpp" />
    <ClInclude Include="TUI\CLogger.hpp" />
    <ClInclude Include="IO\FileLogger.hpp" />
  </ItemGroup>
  <ItemGroup>
    <ClCompile Include="glad\gl.c">
      <Filter>glad</Filter>
    </ClCompile>
    <ClCompile Include="Minecraft.cpp" />
    <ClCompile Include="Startup.hpp" />
    <ClCompile Include="eastl_allocator.cpp" />
    <ClCompile Include="Vendor\EASTL\source\atomic.cpp">
      <Filter>EASTL_src</Filter>
    </ClCompile>
    <ClCompile Include="Vendor\EASTL\source\allocator_eastl.cpp">
      <Filter>EASTL_src</Filter>
    </ClCompile>
    <ClCompile Include="Vendor\EASTL\source\assert.cpp">
      <Filter>EASTL_src</Filter>
    </ClCompile>
    <ClCompile Include="Vendor\EASTL\source\fixed_pool.cpp">
      <Filter>EASTL_src</Filter>
    </ClCompile>
    <ClCompile Include="Vendor\EASTL\source\hashtable.cpp">
      <Filter>EASTL_src</Filter>
    </ClCompile>
    <ClCompile Include="Vendor\EASTL\source\intrusive_list.cpp">
      <Filter>EASTL_src</Filter>
    </ClCompile>
    <ClCompile Include="Vendor\EASTL\source\thread_support.cpp">
      <Filter>EASTL_src</Filter>
    </ClCompile>
    <ClCompile Include="Vendor\EASTL\source\red_black_tree.cpp">
      <Filter>EASTL_src</Filter>
    </ClCompile>
    <ClCompile Include="Vendor\EASTL\source\string.cpp">
      <Filter>EASTL_src</Filter>
    </ClCompile>
    <ClCompile Include="Vendor\EASTL\source\numeric_limits.cpp">
      <Filter>EASTL_src</Filter>
    </ClCompile>
    <ClCompile Include="Core\FunctionContainer.cpp">
      <Filter>Core</Filter>
    </ClCompile>
    <ClCompile Include="IO\Logger.cpp">
      <Filter>Core</Filter>
    </ClCompile>
    <ClCompile Include="IO\LoggerSinks.cpp">
      <Filter>Core</Filter>
    </ClCompile>
    <ClCompile Include="Core\QEventBus.cpp">
      <Filter>Core</Filter>
    </ClCompile>
    <ClCompile Include="IO\VirtualFileSystem.cpp" />
    <ClCompile Include="IO\Stream\FileInputStream.cpp" />
    <ClCompile Include="IO\Stream\FileOutputStream.cpp" />
    <ClCompile Include="IO\Stream\InputStream.cpp" />
    <ClCompile Include="IO\Stream\OutputStream.cpp" />
    <ClCompile Include="Core\CoroutineScheduler.cpp" />
    <ClCompile Include="IO\Stream\MemoryInputStream.cpp" />
    <ClCompile Include="Core\ThreadImpl.cpp" />
    <ClCompile Include="Core\Thread.cpp" />
    <ClCompile Include="Core\ThreadManager.cpp" />
    <ClCompile Include="Application.cpp" />
    <ClCompile Include="Graphics\RenderContext.cpp" />
    <ClCompile Include="Graphics\BgfxRenderContext.cpp" />
    <ClCompile Include="Graphics\IRenderer.cpp" />
    <ClCompile Include="Graphics\Void.cpp" />
    <ClCompile Include="Graphics\Renderer.cpp" />
    <ClCompile Include="BgfxCallBack.cpp" />
    <ClCompile Include="Graphics\Vertex.cpp" />
    <ClCompile Include="Graphics\VertexArray.cpp" />
    <ClCompile Include="Graphics\RenderFactory.cpp" />
    <ClCompile Include="Graphics\VertexBuffer.cpp" />
    <ClCompile Include="Graphics\ShaderProgram.cpp" />
    <ClCompile Include="TUI\Console.cpp" />
    <ClCompile Include="TUI\WindowsConsole.cpp" />
    <ClCompile Include="TUI\IConsole.cpp" />
    <ClCompile Include="TUI\RenderTarget.cpp" />
    <ClCompile Include="TUI\Component.cpp" />
    <ClCompile Include="TUI\EventProcessor.cpp" />
    <ClCompile Include="TUI\icon.cpp" />
    <ClCompile Include="TUI\Panel.cpp" />
    <ClCompile Include="TUI\CLogger.cpp" />
    <ClCompile Include="IO\FileLogger.cpp" />
  </ItemGroup>
  <ItemGroup>
    <Text Include="Core\__copilot_shim_test.txt" />
  </ItemGroup>
  <ItemGroup>
    <None Include="Graphics\Shaders\main.vs" />
    <None Include="Graphics\Shaders\main.fs" />
    <None Include="Graphics\Shaders\varying.def.sc" />
    <None Include="shadercomp-debug.bat" />
    <None Include="assets\shaders\main.fs.d3d11_windows.bin">
      <Filter>Resource Files</Filter>
    </None>
    <None Include="assets\shaders\main.fs.d3d12_windows.bin">
      <Filter>Resource Files</Filter>
    </None>
    <None Include="assets\shaders\main.fs.gl_android.bin">
      <Filter>Resource Files</Filter>
    </None>
    <None Include="assets\shaders\main.fs.gl_asm.js.bin">
      <Filter>Resource Files</Filter>
    </None>
    <None Include="assets\shaders\main.fs.gl_linux.bin">
      <Filter>Resource Files</Filter>
    </None>
    <None Include="assets\shaders\main.fs.gl_osx.bin">
      <Filter>Resource Files</Filter>
    </None>
    <None Include="assets\shaders\main.fs.gl_windows.bin">
      <Filter>Resource Files</Filter>
    </None>
    <None Include="assets\shaders\main.fs.metal_osx.bin">
      <Filter>Resource Files</Filter>
    </None>
    <None Include="assets\shaders\main.fs.vulkan_android.bin">
      <Filter>Resource Files</Filter>
    </None>
    <None Include="assets\shaders\main.fs.vulkan_linux.bin">
      <Filter>Resource Files</Filter>
    </None>
    <None Include="assets\shaders\main.fs.vulkan_windows.bin">
      <Filter>Resource Files</Filter>
    </None>
    <None Include="assets\shaders\main.vs.d3d11_windows.bin">
      <Filter>Resource Files</Filter>
    </None>
    <None Include="assets\shaders\main.vs.d3d12_windows.bin">
      <Filter>Resource Files</Filter>
    </None>
    <None Include="assets\shaders\main.vs.gl_android.bin">
      <Filter>Resource Files</Filter>
    </None>
    <None Include="assets\shaders\main.vs.gl_asm.js.bin">
      <Filter>Resource Files</Filter>
    </None>
    <None Include="assets\shaders\main.vs.gl_linux.bin">
      <Filter>Resource Files</Filter>
    </None>
    <None Include="assets\shaders\main.vs.gl_osx.bin">
      <Filter>Resource Files</Filter>
    </None>
    <None Include="assets\shaders\main.vs.gl_windows.bin">
      <Filter>Resource Files</Filter>
    </None>
    <None Include="assets\shaders\main.vs.metal_osx.bin">
      <Filter>Resource Files</Filter>
    </None>
    <None Include="assets\shaders\main.vs.vulkan_android.bin">
      <Filter>Resource Files</Filter>
    </None>
    <None Include="assets\shaders\main.vs.vulkan_linux.bin">
      <Filter>Resource Files</Filter>
    </None>
    <None Include="assets\shaders\main.vs.vulkan_windows.bin">
      <Filter>Resource Files</Filter>
    </None>
    <None Include="assets.json" />
  </ItemGroup>
  <ItemGroup>
    <Image Include="assets\images\logo.png">
      <Filter>Resource Files</Filter>
    </Image>
  </ItemGroup>
</Project>